// !$*UTF8*$!
{
	archiveVersion = 1;
	classes = {
	};
	objectVersion = 48;
	objects = {

/* Begin PBXBuildFile section */
		230F5C762049EB1A00162C5E /* GameView.swift in Sources */ = {isa = PBXBuildFile; fileRef = 230F5C752049EB1A00162C5E /* GameView.swift */; };
		2371059B2049CF1E00B2698F /* LightNode.swift in Sources */ = {isa = PBXBuildFile; fileRef = 2371059A2049CF1E00B2698F /* LightNode.swift */; };
		2371059D2049D0FD00B2698F /* Helper.swift in Sources */ = {isa = PBXBuildFile; fileRef = 2371059C2049D0FD00B2698F /* Helper.swift */; };
		2371059F2049D10C00B2698F /* CameraNode.swift in Sources */ = {isa = PBXBuildFile; fileRef = 2371059E2049D10C00B2698F /* CameraNode.swift */; };
		237105A12049D13000B2698F /* FloorNode.swift in Sources */ = {isa = PBXBuildFile; fileRef = 237105A02049D13000B2698F /* FloorNode.swift */; };
		237105A32049D24000B2698F /* PlayerNode.swift in Sources */ = {isa = PBXBuildFile; fileRef = 237105A22049D24000B2698F /* PlayerNode.swift */; };
		23AEF3852049377000C2DF40 /* AppDelegate.swift in Sources */ = {isa = PBXBuildFile; fileRef = 23AEF3842049377000C2DF40 /* AppDelegate.swift */; };
		23AEF3872049377000C2DF40 /* art.scnassets in Resources */ = {isa = PBXBuildFile; fileRef = 23AEF3862049377000C2DF40 /* art.scnassets */; };
		23AEF3892049377000C2DF40 /* GameViewController.swift in Sources */ = {isa = PBXBuildFile; fileRef = 23AEF3882049377000C2DF40 /* GameViewController.swift */; };
		23AEF38C2049377000C2DF40 /* Main.storyboard in Resources */ = {isa = PBXBuildFile; fileRef = 23AEF38A2049377000C2DF40 /* Main.storyboard */; };
		23AEF38E2049377000C2DF40 /* Assets.xcassets in Resources */ = {isa = PBXBuildFile; fileRef = 23AEF38D2049377000C2DF40 /* Assets.xcassets */; };
		23AEF3912049377000C2DF40 /* LaunchScreen.storyboard in Resources */ = {isa = PBXBuildFile; fileRef = 23AEF38F2049377000C2DF40 /* LaunchScreen.storyboard */; };
/* End PBXBuildFile section */

/* Begin PBXFileReference section */
		230F5C752049EB1A00162C5E /* GameView.swift */ = {isa = PBXFileReference; lastKnownFileType = sourcecode.swift; path = GameView.swift; sourceTree = "<group>"; };
		2371059A2049CF1E00B2698F /* LightNode.swift */ = {isa = PBXFileReference; lastKnownFileType = sourcecode.swift; path = LightNode.swift; sourceTree = "<group>"; };
		2371059C2049D0FD00B2698F /* Helper.swift */ = {isa = PBXFileReference; lastKnownFileType = sourcecode.swift; path = Helper.swift; sourceTree = "<group>"; };
		2371059E2049D10C00B2698F /* CameraNode.swift */ = {isa = PBXFileReference; lastKnownFileType = sourcecode.swift; path = CameraNode.swift; sourceTree = "<group>"; };
		237105A02049D13000B2698F /* FloorNode.swift */ = {isa = PBXFileReference; lastKnownFileType = sourcecode.swift; path = FloorNode.swift; sourceTree = "<group>"; };
		237105A22049D24000B2698F /* PlayerNode.swift */ = {isa = PBXFileReference; lastKnownFileType = sourcecode.swift; path = PlayerNode.swift; sourceTree = "<group>"; };
		23AEF3812049377000C2DF40 /* implement-a-dpad.app */ = {isa = PBXFileReference; explicitFileType = wrapper.application; includeInIndex = 0; path = "implement-a-dpad.app"; sourceTree = BUILT_PRODUCTS_DIR; };
		23AEF3842049377000C2DF40 /* AppDelegate.swift */ = {isa = PBXFileReference; lastKnownFileType = sourcecode.swift; path = AppDelegate.swift; sourceTree = "<group>"; };
		23AEF3862049377000C2DF40 /* art.scnassets */ = {isa = PBXFileReference; lastKnownFileType = wrapper.scnassets; path = art.scnassets; sourceTree = "<group>"; };
		23AEF3882049377000C2DF40 /* GameViewController.swift */ = {isa = PBXFileReference; lastKnownFileType = sourcecode.swift; path = GameViewController.swift; sourceTree = "<group>"; };
		23AEF38B2049377000C2DF40 /* Base */ = {isa = PBXFileReference; lastKnownFileType = file.storyboard; name = Base; path = Base.lproj/Main.storyboard; sourceTree = "<group>"; };
		23AEF38D2049377000C2DF40 /* Assets.xcassets */ = {isa = PBXFileReference; lastKnownFileType = folder.assetcatalog; path = Assets.xcassets; sourceTree = "<group>"; };
		23AEF3902049377000C2DF40 /* Base */ = {isa = PBXFileReference; lastKnownFileType = file.storyboard; name = Base; path = Base.lproj/LaunchScreen.storyboard; sourceTree = "<group>"; };
		23AEF3922049377000C2DF40 /* Info.plist */ = {isa = PBXFileReference; lastKnownFileType = text.plist.xml; path = Info.plist; sourceTree = "<group>"; };
/* End PBXFileReference section */

/* Begin PBXFrameworksBuildPhase section */
		23AEF37E2049377000C2DF40 /* Frameworks */ = {
			isa = PBXFrameworksBuildPhase;
			buildActionMask = 2147483647;
			files = (
			);
			runOnlyForDeploymentPostprocessing = 0;
		};
/* End PBXFrameworksBuildPhase section */

/* Begin PBXGroup section */
		23AEF3782049377000C2DF40 = {
			isa = PBXGroup;
			children = (
				23AEF3832049377000C2DF40 /* implement-a-dpad */,
				23AEF3822049377000C2DF40 /* Products */,
			);
			sourceTree = "<group>";
		};
		23AEF3822049377000C2DF40 /* Products */ = {
			isa = PBXGroup;
			children = (
				23AEF3812049377000C2DF40 /* implement-a-dpad.app */,
			);
			name = Products;
			sourceTree = "<group>";
		};
		23AEF3832049377000C2DF40 /* implement-a-dpad */ = {
			isa = PBXGroup;
			children = (
				23AEF3922049377000C2DF40 /* Info.plist */,
				23AEF3862049377000C2DF40 /* art.scnassets */,
				23AEF3842049377000C2DF40 /* AppDelegate.swift */,
				2371059A2049CF1E00B2698F /* LightNode.swift */,
				2371059E2049D10C00B2698F /* CameraNode.swift */,
				237105A02049D13000B2698F /* FloorNode.swift */,
				237105A22049D24000B2698F /* PlayerNode.swift */,
				230F5C752049EB1A00162C5E /* GameView.swift */,
				23AEF3882049377000C2DF40 /* GameViewController.swift */,
				2371059C2049D0FD00B2698F /* Helper.swift */,
				23AEF38D2049377000C2DF40 /* Assets.xcassets */,
				23AEF38F2049377000C2DF40 /* LaunchScreen.storyboard */,
				23AEF38A2049377000C2DF40 /* Main.storyboard */,
			);
			path = "implement-a-dpad";
			sourceTree = "<group>";
		};
/* End PBXGroup section */

/* Begin PBXNativeTarget section */
		23AEF3802049377000C2DF40 /* implement-a-dpad */ = {
			isa = PBXNativeTarget;
			buildConfigurationList = 23AEF3952049377000C2DF40 /* Build configuration list for PBXNativeTarget "implement-a-dpad" */;
			buildPhases = (
				23AEF37D2049377000C2DF40 /* Sources */,
				23AEF37E2049377000C2DF40 /* Frameworks */,
				23AEF37F2049377000C2DF40 /* Resources */,
			);
			buildRules = (
			);
			dependencies = (
			);
			name = "implement-a-dpad";
			productName = "basic-setup";
			productReference = 23AEF3812049377000C2DF40 /* implement-a-dpad.app */;
			productType = "com.apple.product-type.application";
		};
/* End PBXNativeTarget section */

/* Begin PBXProject section */
		23AEF3792049377000C2DF40 /* Project object */ = {
			isa = PBXProject;
			attributes = {
				LastSwiftUpdateCheck = 0920;
				LastUpgradeCheck = 0920;
				ORGANIZATIONNAME = "Martin Lasek";
				TargetAttributes = {
					23AEF3802049377000C2DF40 = {
						CreatedOnToolsVersion = 9.2;
						ProvisioningStyle = Automatic;
					};
				};
			};
			buildConfigurationList = 23AEF37C2049377000C2DF40 /* Build configuration list for PBXProject "implement-a-dpad" */;
			compatibilityVersion = "Xcode 8.0";
			developmentRegion = en;
			hasScannedForEncodings = 0;
			knownRegions = (
				en,
				Base,
			);
			mainGroup = 23AEF3782049377000C2DF40;
			productRefGroup = 23AEF3822049377000C2DF40 /* Products */;
			projectDirPath = "";
			projectRoot = "";
			targets = (
				23AEF3802049377000C2DF40 /* implement-a-dpad */,
			);
		};
/* End PBXProject section */

/* Begin PBXResourcesBuildPhase section */
		23AEF37F2049377000C2DF40 /* Resources */ = {
			isa = PBXResourcesBuildPhase;
			buildActionMask = 2147483647;
			files = (
				23AEF3872049377000C2DF40 /* art.scnassets in Resources */,
				23AEF3912049377000C2DF40 /* LaunchScreen.storyboard in Resources */,
				23AEF38E2049377000C2DF40 /* Assets.xcassets in Resources */,
				23AEF38C2049377000C2DF40 /* Main.storyboard in Resources */,
			);
			runOnlyForDeploymentPostprocessing = 0;
		};
/* End PBXResourcesBuildPhase section */

/* Begin PBXSourcesBuildPhase section */
		23AEF37D2049377000C2DF40 /* Sources */ = {
			isa = PBXSourcesBuildPhase;
			buildActionMask = 2147483647;
			files = (
				237105A32049D24000B2698F /* PlayerNode.swift in Sources */,
				2371059F2049D10C00B2698F /* CameraNode.swift in Sources */,
				2371059B2049CF1E00B2698F /* LightNode.swift in Sources */,
				23AEF3892049377000C2DF40 /* GameViewController.swift in Sources */,
				23AEF3852049377000C2DF40 /* AppDelegate.swift in Sources */,
				237105A12049D13000B2698F /* FloorNode.swift in Sources */,
				230F5C762049EB1A00162C5E /* GameView.swift in Sources */,
				2371059D2049D0FD00B2698F /* Helper.swift in Sources */,
			);
			runOnlyForDeploymentPostprocessing = 0;
		};
/* End PBXSourcesBuildPhase section */

/* Begin PBXVariantGroup section */
		23AEF38A2049377000C2DF40 /* Main.storyboard */ = {
			isa = PBXVariantGroup;
			children = (
				23AEF38B2049377000C2DF40 /* Base */,
			);
			name = Main.storyboard;
			sourceTree = "<group>";
		};
		23AEF38F2049377000C2DF40 /* LaunchScreen.storyboard */ = {
			isa = PBXVariantGroup;
			children = (
				23AEF3902049377000C2DF40 /* Base */,
			);
			name = LaunchScreen.storyboard;
			sourceTree = "<group>";
		};
/* End PBXVariantGroup section */

/* Begin XCBuildConfiguration section */
		23AEF3932049377000C2DF40 /* Debug */ = {
			isa = XCBuildConfiguration;
			buildSettings = {
				ALWAYS_SEARCH_USER_PATHS = NO;
				CLANG_ANALYZER_NONNULL = YES;
				CLANG_ANALYZER_NUMBER_OBJECT_CONVERSION = YES_AGGRESSIVE;
				CLANG_CXX_LANGUAGE_STANDARD = "gnu++14";
				CLANG_CXX_LIBRARY = "libc++";
				CLANG_ENABLE_MODULES = YES;
				CLANG_ENABLE_OBJC_ARC = YES;
				CLANG_WARN_BLOCK_CAPTURE_AUTORELEASING = YES;
				CLANG_WARN_BOOL_CONVERSION = YES;
				CLANG_WARN_COMMA = YES;
				CLANG_WARN_CONSTANT_CONVERSION = YES;
				CLANG_WARN_DIRECT_OBJC_ISA_USAGE = YES_ERROR;
				CLANG_WARN_DOCUMENTATION_COMMENTS = YES;
				CLANG_WARN_EMPTY_BODY = YES;
				CLANG_WARN_ENUM_CONVERSION = YES;
				CLANG_WARN_INFINITE_RECURSION = YES;
				CLANG_WARN_INT_CONVERSION = YES;
				CLANG_WARN_NON_LITERAL_NULL_CONVERSION = YES;
				CLANG_WARN_OBJC_LITERAL_CONVERSION = YES;
				CLANG_WARN_OBJC_ROOT_CLASS = YES_ERROR;
				CLANG_WARN_RANGE_LOOP_ANALYSIS = YES;
				CLANG_WARN_STRICT_PROTOTYPES = YES;
				CLANG_WARN_SUSPICIOUS_MOVE = YES;
				CLANG_WARN_UNGUARDED_AVAILABILITY = YES_AGGRESSIVE;
				CLANG_WARN_UNREACHABLE_CODE = YES;
				CLANG_WARN__DUPLICATE_METHOD_MATCH = YES;
				CODE_SIGN_IDENTITY = "iPhone Developer";
				COPY_PHASE_STRIP = NO;
				DEBUG_INFORMATION_FORMAT = dwarf;
				ENABLE_STRICT_OBJC_MSGSEND = YES;
				ENABLE_TESTABILITY = YES;
				GCC_C_LANGUAGE_STANDARD = gnu11;
				GCC_DYNAMIC_NO_PIC = NO;
				GCC_NO_COMMON_BLOCKS = YES;
				GCC_OPTIMIZATION_LEVEL = 0;
				GCC_PREPROCESSOR_DEFINITIONS = (
					"DEBUG=1",
					"$(inherited)",
				);
				GCC_WARN_64_TO_32_BIT_CONVERSION = YES;
				GCC_WARN_ABOUT_RETURN_TYPE = YES_ERROR;
				GCC_WARN_UNDECLARED_SELECTOR = YES;
				GCC_WARN_UNINITIALIZED_AUTOS = YES_AGGRESSIVE;
				GCC_WARN_UNUSED_FUNCTION = YES;
				GCC_WARN_UNUSED_VARIABLE = YES;
				IPHONEOS_DEPLOYMENT_TARGET = 11.2;
				MTL_ENABLE_DEBUG_INFO = YES;
				ONLY_ACTIVE_ARCH = YES;
				SDKROOT = iphoneos;
				SWIFT_ACTIVE_COMPILATION_CONDITIONS = DEBUG;
				SWIFT_OPTIMIZATION_LEVEL = "-Onone";
			};
			name = Debug;
		};
		23AEF3942049377000C2DF40 /* Release */ = {
			isa = XCBuildConfiguration;
			buildSettings = {
				ALWAYS_SEARCH_USER_PATHS = NO;
				CLANG_ANALYZER_NONNULL = YES;
				CLANG_ANALYZER_NUMBER_OBJECT_CONVERSION = YES_AGGRESSIVE;
				CLANG_CXX_LANGUAGE_STANDARD = "gnu++14";
				CLANG_CXX_LIBRARY = "libc++";
				CLANG_ENABLE_MODULES = YES;
				CLANG_ENABLE_OBJC_ARC = YES;
				CLANG_WARN_BLOCK_CAPTURE_AUTORELEASING = YES;
				CLANG_WARN_BOOL_CONVERSION = YES;
				CLANG_WARN_COMMA = YES;
				CLANG_WARN_CONSTANT_CONVERSION = YES;
				CLANG_WARN_DIRECT_OBJC_ISA_USAGE = YES_ERROR;
				CLANG_WARN_DOCUMENTATION_COMMENTS = YES;
				CLANG_WARN_EMPTY_BODY = YES;
				CLANG_WARN_ENUM_CONVERSION = YES;
				CLANG_WARN_INFINITE_RECURSION = YES;
				CLANG_WARN_INT_CONVERSION = YES;
				CLANG_WARN_NON_LITERAL_NULL_CONVERSION = YES;
				CLANG_WARN_OBJC_LITERAL_CONVERSION = YES;
				CLANG_WARN_OBJC_ROOT_CLASS = YES_ERROR;
				CLANG_WARN_RANGE_LOOP_ANALYSIS = YES;
				CLANG_WARN_STRICT_PROTOTYPES = YES;
				CLANG_WARN_SUSPICIOUS_MOVE = YES;
				CLANG_WARN_UNGUARDED_AVAILABILITY = YES_AGGRESSIVE;
				CLANG_WARN_UNREACHABLE_CODE = YES;
				CLANG_WARN__DUPLICATE_METHOD_MATCH = YES;
				CODE_SIGN_IDENTITY = "iPhone Developer";
				COPY_PHASE_STRIP = NO;
				DEBUG_INFORMATION_FORMAT = "dwarf-with-dsym";
				ENABLE_NS_ASSERTIONS = NO;
				ENABLE_STRICT_OBJC_MSGSEND = YES;
				GCC_C_LANGUAGE_STANDARD = gnu11;
				GCC_NO_COMMON_BLOCKS = YES;
				GCC_WARN_64_TO_32_BIT_CONVERSION = YES;
				GCC_WARN_ABOUT_RETURN_TYPE = YES_ERROR;
				GCC_WARN_UNDECLARED_SELECTOR = YES;
				GCC_WARN_UNINITIALIZED_AUTOS = YES_AGGRESSIVE;
				GCC_WARN_UNUSED_FUNCTION = YES;
				GCC_WARN_UNUSED_VARIABLE = YES;
				IPHONEOS_DEPLOYMENT_TARGET = 11.2;
				MTL_ENABLE_DEBUG_INFO = NO;
				SDKROOT = iphoneos;
				SWIFT_OPTIMIZATION_LEVEL = "-Owholemodule";
				VALIDATE_PRODUCT = YES;
			};
			name = Release;
		};
		23AEF3962049377000C2DF40 /* Debug */ = {
			isa = XCBuildConfiguration;
			buildSettings = {
				ASSETCATALOG_COMPILER_APPICON_NAME = AppIcon;
				CODE_SIGN_STYLE = Automatic;
				DEVELOPMENT_TEAM = JLJHFZ4FU8;
				INFOPLIST_FILE = "implement-a-dpad/Info.plist";
				LD_RUNPATH_SEARCH_PATHS = "$(inherited) @executable_path/Frameworks";
				PRODUCT_BUNDLE_IDENTIFIER = "com.martinlasek.basic-setup";
				PRODUCT_NAME = "$(TARGET_NAME)";
				SWIFT_VERSION = 4.0;
				TARGETED_DEVICE_FAMILY = "1,2";
			};
			name = Debug;
		};
		23AEF3972049377000C2DF40 /* Release */ = {
			isa = XCBuildConfiguration;
			buildSettings = {
				ASSETCATALOG_COMPILER_APPICON_NAME = AppIcon;
				CODE_SIGN_STYLE = Automatic;
				DEVELOPMENT_TEAM = JLJHFZ4FU8;
				INFOPLIST_FILE = "implement-a-dpad/Info.plist";
				LD_RUNPATH_SEARCH_PATHS = "$(inherited) @executable_path/Frameworks";
				PRODUCT_BUNDLE_IDENTIFIER = "com.martinlasek.basic-setup";
				PRODUCT_NAME = "$(TARGET_NAME)";
				SWIFT_VERSION = 4.0;
				TARGETED_DEVICE_FAMILY = "1,2";
			};
			name = Release;
		};
/* End XCBuildConfiguration section */

/* Begin XCConfigurationList section */
		23AEF37C2049377000C2DF40 /* Build configuration list for PBXProject "implement-a-dpad" */ = {
			isa = XCConfigurationList;
			buildConfigurations = (
				23AEF3932049377000C2DF40 /* Debug */,
				23AEF3942049377000C2DF40 /* Release */,
			);
			defaultConfigurationIsVisible = 0;
			defaultConfigurationName = Release;
		};
		23AEF3952049377000C2DF40 /* Build configuration list for PBXNativeTarget "implement-a-dpad" */ = {
			isa = XCConfigurationList;
			buildConfigurations = (
				23AEF3962049377000C2DF40 /* Debug */,
				23AEF3972049377000C2DF40 /* Release */,
			);
			defaultConfigurationIsVisible = 0;
			defaultConfigurationName = Release;
		};
/* End XCConfigurationList section */
	};
	rootObject = 23AEF3792049377000C2DF40 /* Project object */;
}
